
Microsoft Visual Studio Solution File, Format Version 12.00
# Visual Studio Version 17
VisualStudioVersion = 17.5.33424.131
MinimumVisualStudioVersion = 10.0.40219.1
Project("{9A19103F-16F7-4668-BE54-9A1E7A4F7556}") = "ASPNETCore_Practice", "ASPNETCore_Practice\ASPNETCore_Practice.csproj", "{BE634B4C-E3A4-45AE-96BD-022C78523795}"
EndProject
Project("{9A19103F-16F7-4668-BE54-9A1E7A4F7556}") = "LoggerService", "LoggerService\LoggerService.csproj", "{2BEE6B52-4B16-4315-9A23-F6DEB5A03260}"
EndProject
Project("{FAE04EC0-301F-11D3-BF4B-00C04F79EFBC}") = "Services", "Services\Services.csproj", "{1511D758-8762-4D95-AA45-8A4A29944081}"
EndProject
Project("{FAE04EC0-301F-11D3-BF4B-00C04F79EFBC}") = "Models", "Models\Models.csproj", "{9C811F1D-6CB2-4876-91F5-6875BE2605AF}"
EndProject
Global
	GlobalSection(SolutionConfigurationPlatforms) = preSolution
		Debug|Any CPU = Debug|Any CPU
		Release|Any CPU = Release|Any CPU
	EndGlobalSection
	GlobalSection(ProjectConfigurationPlatforms) = postSolution
		{BE634B4C-E3A4-45AE-96BD-022C78523795}.Debug|Any CPU.ActiveCfg = Debug|Any CPU
		{BE634B4C-E3A4-45AE-96BD-022C78523795}.Debug|Any CPU.Build.0 = Debug|Any CPU
		{BE634B4C-E3A4-45AE-96BD-022C78523795}.Release|Any CPU.ActiveCfg = Release|Any CPU
		{BE634B4C-E3A4-45AE-96BD-022C78523795}.Release|Any CPU.Build.0 = Release|Any CPU
		{2BEE6B52-4B16-4315-9A23-F6DEB5A03260}.Debug|Any CPU.ActiveCfg = Debug|Any CPU
		{2BEE6B52-4B16-4315-9A23-F6DEB5A03260}.Debug|Any CPU.Build.0 = Debug|Any CPU
		{2BEE6B52-4B16-4315-9A23-F6DEB5A03260}.Release|Any CPU.ActiveCfg = Release|Any CPU
		{2BEE6B52-4B16-4315-9A23-F6DEB5A03260}.Release|Any CPU.Build.0 = Release|Any CPU
		{1511D758-8762-4D95-AA45-8A4A29944081}.Debug|Any CPU.ActiveCfg = Debug|Any CPU
		{1511D758-8762-4D95-AA45-8A4A29944081}.Debug|Any CPU.Build.0 = Debug|Any CPU
		{1511D758-8762-4D95-AA45-8A4A29944081}.Release|Any CPU.ActiveCfg = Release|Any CPU
		{1511D758-8762-4D95-AA45-8A4A29944081}.Release|Any CPU.Build.0 = Release|Any CPU
		{9C811F1D-6CB2-4876-91F5-6875BE2605AF}.Debug|Any CPU.ActiveCfg = Debug|Any CPU
		{9C811F1D-6CB2-4876-91F5-6875BE2605AF}.Debug|Any CPU.Build.0 = Debug|Any CPU
		{9C811F1D-6CB2-4876-91F5-6875BE2605AF}.Release|Any CPU.ActiveCfg = Release|Any CPU
		{9C811F1D-6CB2-4876-91F5-6875BE2605AF}.Release|Any CPU.Build.0 = Release|Any CPU
	EndGlobalSection
	GlobalSection(SolutionProperties) = preSolution
		HideSolutionNode = FALSE
	EndGlobalSection
	GlobalSection(ExtensibilityGlobals) = postSolution
		SolutionGuid = {23365EC9-F1C7-49BC-9200-B484034BE515}
	EndGlobalSection
EndGlobal
